
Microsoft Visual Studio Solution File, Format Version 12.00
# Visual Studio 15
VisualStudioVersion = 15.0.28307.645
MinimumVisualStudioVersion = 10.0.40219.1
Project("{FAE04EC0-301F-11D3-BF4B-00C04F79EFBC}") = "UngDung1", "UngDung1\UngDung1.csproj", "{4D008833-0871-407E-8A5D-4B5291F0C3C1}"
EndProject
Project("{FAE04EC0-301F-11D3-BF4B-00C04F79EFBC}") = "UngDung2", "UngDung2\UngDung2.csproj", "{5CFB4A40-B3CC-4E44-A1C5-219D11EBA55B}"
EndProject
Global
	GlobalSection(SolutionConfigurationPlatforms) = preSolution
		Debug|Any CPU = Debug|Any CPU
		Release|Any CPU = Release|Any CPU
	EndGlobalSection
	GlobalSection(ProjectConfigurationPlatforms) = postSolution
		{4D008833-0871-407E-8A5D-4B5291F0C3C1}.Debug|Any CPU.ActiveCfg = Debug|Any CPU
		{4D008833-0871-407E-8A5D-4B5291F0C3C1}.Debug|Any CPU.Build.0 = Debug|Any CPU
		{4D008833-0871-407E-8A5D-4B5291F0C3C1}.Release|Any CPU.ActiveCfg = Release|Any CPU
		{4D008833-0871-407E-8A5D-4B5291F0C3C1}.Release|Any CPU.Build.0 = Release|Any CPU
		{5CFB4A40-B3CC-4E44-A1C5-219D11EBA55B}.Debug|Any CPU.ActiveCfg = Debug|Any CPU
		{5CFB4A40-B3CC-4E44-A1C5-219D11EBA55B}.Debug|Any CPU.Build.0 = Debug|Any CPU
		{5CFB4A40-B3CC-4E44-A1C5-219D11EBA55B}.Release|Any CPU.ActiveCfg = Release|Any CPU
		{5CFB4A40-B3CC-4E44-A1C5-219D11EBA55B}.Release|Any CPU.Build.0 = Release|Any CPU
	EndGlobalSection
	GlobalSection(SolutionProperties) = preSolution
		HideSolutionNode = FALSE
	EndGlobalSection
	GlobalSection(ExtensibilityGlobals) = postSolution
		SolutionGuid = {FC77B6D8-B349-4147-A277-448160777013}
	EndGlobalSection
EndGlobal
