
Microsoft Visual Studio Solution File, Format Version 12.00
# Visual Studio 15
VisualStudioVersion = 15.0.28307.645
MinimumVisualStudioVersion = 10.0.40219.1
Project("{FAE04EC0-301F-11D3-BF4B-00C04F79EFBC}") = "UngDung1", "UngDung1\UngDung1.csproj", "{4D008833-0871-407E-8A5D-4B5291F0C3C1}"
EndProject
Project("{FAE04EC0-301F-11D3-BF4B-00C04F79EFBC}") = "UngDung2", "UngDung2\UngDung2.csproj", "{5CFB4A40-B3CC-4E44-A1C5-219D11EBA55B}"
EndProject
Project("{FAE04EC0-301F-11D3-BF4B-00C04F79EFBC}") = "ConsoleApp1", "ConsoleApp1\ConsoleApp1.csproj", "{AA17D5F5-0AFC-4017-B5D7-4B5B69E94B0D}"
EndProject
Project("{FAE04EC0-301F-11D3-BF4B-00C04F79EFBC}") = "TimSoLonNhat", "TimSoLonNhat\TimSoLonNhat.csproj", "{D5CAA3DD-DA15-4C41-87BB-B4D52F00689C}"
EndProject
Project("{FAE04EC0-301F-11D3-BF4B-00C04F79EFBC}") = "PhuongTrinhBacHai", "PhuongTrinhBacHai\PhuongTrinhBacHai.csproj", "{A8F13F20-1747-4089-9D49-9E852A3C7F2C}"
EndProject
Project("{FAE04EC0-301F-11D3-BF4B-00C04F79EFBC}") = "KiemTraNhapSo", "KiemTraNhapSo\KiemTraNhapSo.csproj", "{A8A260BA-E9C0-4D82-951B-9F1A1DC403E7}"
EndProject
Project("{FAE04EC0-301F-11D3-BF4B-00C04F79EFBC}") = "XepLoaiHocTap", "XepLoaiHocTap\XepLoaiHocTap.csproj", "{7F3E4E87-792F-4578-82D7-35C2C00EC6E9}"
EndProject
Project("{FAE04EC0-301F-11D3-BF4B-00C04F79EFBC}") = "SuDungVongLap", "SuDungVongLap\SuDungVongLap.csproj", "{BD4505D0-01B8-410D-A880-F079F39523B2}"
EndProject
Project("{FAE04EC0-301F-11D3-BF4B-00C04F79EFBC}") = "SuDungVongLapWhile", "SuDungVongLapWhile\SuDungVongLapWhile.csproj", "{C031B17D-0AAD-40E6-A1DF-6BB2794A569F}"
EndProject
Project("{FAE04EC0-301F-11D3-BF4B-00C04F79EFBC}") = "SuDungMang", "SuDungMang\SuDungMang.csproj", "{4A593709-9BB4-4A55-8727-7A9DE9F5C19B}"
EndProject
Project("{FAE04EC0-301F-11D3-BF4B-00C04F79EFBC}") = "XapSepMang", "XapSepMang\XapSepMang.csproj", "{345CE97F-D640-4945-8180-6A5666556EE8}"
EndProject
Project("{FAE04EC0-301F-11D3-BF4B-00C04F79EFBC}") = "SuDungList", "SuDungList\SuDungList.csproj", "{16236B38-F0C0-41BD-A3A8-43A4017797E9}"
EndProject
Project("{FAE04EC0-301F-11D3-BF4B-00C04F79EFBC}") = "SuDungHam", "SuDungHam\SuDungHam.csproj", "{2DA12C10-1805-4091-83B2-63081E864B8A}"
EndProject
Project("{FAE04EC0-301F-11D3-BF4B-00C04F79EFBC}") = "SungDungstruct", "SungDungstruct\SungDungstruct.csproj", "{D670A84F-8BFA-4D9A-A239-F89156935136}"
EndProject
Project("{FAE04EC0-301F-11D3-BF4B-00C04F79EFBC}") = "SuDungClass", "SuDungClass\SuDungClass.csproj", "{2E1ADC8A-D8DD-475C-B819-ECCA7BA6FCEE}"
EndProject
Project("{FAE04EC0-301F-11D3-BF4B-00C04F79EFBC}") = "DesktopApp1", "DesktopApp1\DesktopApp1.csproj", "{78896781-4DFF-49CF-9C99-D8485359045D}"
EndProject
Project("{FAE04EC0-301F-11D3-BF4B-00C04F79EFBC}") = "QuanLyHangHoa", "QuanLyHangHoa\QuanLyHangHoa.csproj", "{72658EA0-5356-443F-8DCF-6A2BFFAFDB42}"
EndProject
Project("{FAE04EC0-301F-11D3-BF4B-00C04F79EFBC}") = "SuDungSQLServer", "SuDungSQLServer\SuDungSQLServer.csproj", "{AAB7718A-FBBD-499E-A779-12CF5BA7B063}"
EndProject
Global
	GlobalSection(SolutionConfigurationPlatforms) = preSolution
		Debug|Any CPU = Debug|Any CPU
		Release|Any CPU = Release|Any CPU
	EndGlobalSection
	GlobalSection(ProjectConfigurationPlatforms) = postSolution
		{4D008833-0871-407E-8A5D-4B5291F0C3C1}.Debug|Any CPU.ActiveCfg = Debug|Any CPU
		{4D008833-0871-407E-8A5D-4B5291F0C3C1}.Debug|Any CPU.Build.0 = Debug|Any CPU
		{4D008833-0871-407E-8A5D-4B5291F0C3C1}.Release|Any CPU.ActiveCfg = Release|Any CPU
		{4D008833-0871-407E-8A5D-4B5291F0C3C1}.Release|Any CPU.Build.0 = Release|Any CPU
		{5CFB4A40-B3CC-4E44-A1C5-219D11EBA55B}.Debug|Any CPU.ActiveCfg = Debug|Any CPU
		{5CFB4A40-B3CC-4E44-A1C5-219D11EBA55B}.Debug|Any CPU.Build.0 = Debug|Any CPU
		{5CFB4A40-B3CC-4E44-A1C5-219D11EBA55B}.Release|Any CPU.ActiveCfg = Release|Any CPU
		{5CFB4A40-B3CC-4E44-A1C5-219D11EBA55B}.Release|Any CPU.Build.0 = Release|Any CPU
		{AA17D5F5-0AFC-4017-B5D7-4B5B69E94B0D}.Debug|Any CPU.ActiveCfg = Debug|Any CPU
		{AA17D5F5-0AFC-4017-B5D7-4B5B69E94B0D}.Debug|Any CPU.Build.0 = Debug|Any CPU
		{AA17D5F5-0AFC-4017-B5D7-4B5B69E94B0D}.Release|Any CPU.ActiveCfg = Release|Any CPU
		{AA17D5F5-0AFC-4017-B5D7-4B5B69E94B0D}.Release|Any CPU.Build.0 = Release|Any CPU
		{D5CAA3DD-DA15-4C41-87BB-B4D52F00689C}.Debug|Any CPU.ActiveCfg = Debug|Any CPU
		{D5CAA3DD-DA15-4C41-87BB-B4D52F00689C}.Debug|Any CPU.Build.0 = Debug|Any CPU
		{D5CAA3DD-DA15-4C41-87BB-B4D52F00689C}.Release|Any CPU.ActiveCfg = Release|Any CPU
		{D5CAA3DD-DA15-4C41-87BB-B4D52F00689C}.Release|Any CPU.Build.0 = Release|Any CPU
		{A8F13F20-1747-4089-9D49-9E852A3C7F2C}.Debug|Any CPU.ActiveCfg = Debug|Any CPU
		{A8F13F20-1747-4089-9D49-9E852A3C7F2C}.Debug|Any CPU.Build.0 = Debug|Any CPU
		{A8F13F20-1747-4089-9D49-9E852A3C7F2C}.Release|Any CPU.ActiveCfg = Release|Any CPU
		{A8F13F20-1747-4089-9D49-9E852A3C7F2C}.Release|Any CPU.Build.0 = Release|Any CPU
		{A8A260BA-E9C0-4D82-951B-9F1A1DC403E7}.Debug|Any CPU.ActiveCfg = Debug|Any CPU
		{A8A260BA-E9C0-4D82-951B-9F1A1DC403E7}.Debug|Any CPU.Build.0 = Debug|Any CPU
		{A8A260BA-E9C0-4D82-951B-9F1A1DC403E7}.Release|Any CPU.ActiveCfg = Release|Any CPU
		{A8A260BA-E9C0-4D82-951B-9F1A1DC403E7}.Release|Any CPU.Build.0 = Release|Any CPU
		{7F3E4E87-792F-4578-82D7-35C2C00EC6E9}.Debug|Any CPU.ActiveCfg = Debug|Any CPU
		{7F3E4E87-792F-4578-82D7-35C2C00EC6E9}.Debug|Any CPU.Build.0 = Debug|Any CPU
		{7F3E4E87-792F-4578-82D7-35C2C00EC6E9}.Release|Any CPU.ActiveCfg = Release|Any CPU
		{7F3E4E87-792F-4578-82D7-35C2C00EC6E9}.Release|Any CPU.Build.0 = Release|Any CPU
		{BD4505D0-01B8-410D-A880-F079F39523B2}.Debug|Any CPU.ActiveCfg = Debug|Any CPU
		{BD4505D0-01B8-410D-A880-F079F39523B2}.Debug|Any CPU.Build.0 = Debug|Any CPU
		{BD4505D0-01B8-410D-A880-F079F39523B2}.Release|Any CPU.ActiveCfg = Release|Any CPU
		{BD4505D0-01B8-410D-A880-F079F39523B2}.Release|Any CPU.Build.0 = Release|Any CPU
		{C031B17D-0AAD-40E6-A1DF-6BB2794A569F}.Debug|Any CPU.ActiveCfg = Debug|Any CPU
		{C031B17D-0AAD-40E6-A1DF-6BB2794A569F}.Debug|Any CPU.Build.0 = Debug|Any CPU
		{C031B17D-0AAD-40E6-A1DF-6BB2794A569F}.Release|Any CPU.ActiveCfg = Release|Any CPU
		{C031B17D-0AAD-40E6-A1DF-6BB2794A569F}.Release|Any CPU.Build.0 = Release|Any CPU
		{4A593709-9BB4-4A55-8727-7A9DE9F5C19B}.Debug|Any CPU.ActiveCfg = Debug|Any CPU
		{4A593709-9BB4-4A55-8727-7A9DE9F5C19B}.Debug|Any CPU.Build.0 = Debug|Any CPU
		{4A593709-9BB4-4A55-8727-7A9DE9F5C19B}.Release|Any CPU.ActiveCfg = Release|Any CPU
		{4A593709-9BB4-4A55-8727-7A9DE9F5C19B}.Release|Any CPU.Build.0 = Release|Any CPU
		{345CE97F-D640-4945-8180-6A5666556EE8}.Debug|Any CPU.ActiveCfg = Debug|Any CPU
		{345CE97F-D640-4945-8180-6A5666556EE8}.Debug|Any CPU.Build.0 = Debug|Any CPU
		{345CE97F-D640-4945-8180-6A5666556EE8}.Release|Any CPU.ActiveCfg = Release|Any CPU
		{345CE97F-D640-4945-8180-6A5666556EE8}.Release|Any CPU.Build.0 = Release|Any CPU
		{16236B38-F0C0-41BD-A3A8-43A4017797E9}.Debug|Any CPU.ActiveCfg = Debug|Any CPU
		{16236B38-F0C0-41BD-A3A8-43A4017797E9}.Debug|Any CPU.Build.0 = Debug|Any CPU
		{16236B38-F0C0-41BD-A3A8-43A4017797E9}.Release|Any CPU.ActiveCfg = Release|Any CPU
		{16236B38-F0C0-41BD-A3A8-43A4017797E9}.Release|Any CPU.Build.0 = Release|Any CPU
		{2DA12C10-1805-4091-83B2-63081E864B8A}.Debug|Any CPU.ActiveCfg = Debug|Any CPU
		{2DA12C10-1805-4091-83B2-63081E864B8A}.Debug|Any CPU.Build.0 = Debug|Any CPU
		{2DA12C10-1805-4091-83B2-63081E864B8A}.Release|Any CPU.ActiveCfg = Release|Any CPU
		{2DA12C10-1805-4091-83B2-63081E864B8A}.Release|Any CPU.Build.0 = Release|Any CPU
		{D670A84F-8BFA-4D9A-A239-F89156935136}.Debug|Any CPU.ActiveCfg = Debug|Any CPU
		{D670A84F-8BFA-4D9A-A239-F89156935136}.Debug|Any CPU.Build.0 = Debug|Any CPU
		{D670A84F-8BFA-4D9A-A239-F89156935136}.Release|Any CPU.ActiveCfg = Release|Any CPU
		{D670A84F-8BFA-4D9A-A239-F89156935136}.Release|Any CPU.Build.0 = Release|Any CPU
		{2E1ADC8A-D8DD-475C-B819-ECCA7BA6FCEE}.Debug|Any CPU.ActiveCfg = Debug|Any CPU
		{2E1ADC8A-D8DD-475C-B819-ECCA7BA6FCEE}.Debug|Any CPU.Build.0 = Debug|Any CPU
		{2E1ADC8A-D8DD-475C-B819-ECCA7BA6FCEE}.Release|Any CPU.ActiveCfg = Release|Any CPU
		{2E1ADC8A-D8DD-475C-B819-ECCA7BA6FCEE}.Release|Any CPU.Build.0 = Release|Any CPU
		{78896781-4DFF-49CF-9C99-D8485359045D}.Debug|Any CPU.ActiveCfg = Debug|Any CPU
		{78896781-4DFF-49CF-9C99-D8485359045D}.Debug|Any CPU.Build.0 = Debug|Any CPU
		{78896781-4DFF-49CF-9C99-D8485359045D}.Release|Any CPU.ActiveCfg = Release|Any CPU
		{78896781-4DFF-49CF-9C99-D8485359045D}.Release|Any CPU.Build.0 = Release|Any CPU
		{72658EA0-5356-443F-8DCF-6A2BFFAFDB42}.Debug|Any CPU.ActiveCfg = Debug|Any CPU
		{72658EA0-5356-443F-8DCF-6A2BFFAFDB42}.Debug|Any CPU.Build.0 = Debug|Any CPU
		{72658EA0-5356-443F-8DCF-6A2BFFAFDB42}.Release|Any CPU.ActiveCfg = Release|Any CPU
		{72658EA0-5356-443F-8DCF-6A2BFFAFDB42}.Release|Any CPU.Build.0 = Release|Any CPU
		{AAB7718A-FBBD-499E-A779-12CF5BA7B063}.Debug|Any CPU.ActiveCfg = Debug|Any CPU
		{AAB7718A-FBBD-499E-A779-12CF5BA7B063}.Debug|Any CPU.Build.0 = Debug|Any CPU
		{AAB7718A-FBBD-499E-A779-12CF5BA7B063}.Release|Any CPU.ActiveCfg = Release|Any CPU
		{AAB7718A-FBBD-499E-A779-12CF5BA7B063}.Release|Any CPU.Build.0 = Release|Any CPU
	EndGlobalSection
	GlobalSection(SolutionProperties) = preSolution
		HideSolutionNode = FALSE
	EndGlobalSection
	GlobalSection(ExtensibilityGlobals) = postSolution
		SolutionGuid = {FC77B6D8-B349-4147-A277-448160777013}
	EndGlobalSection
EndGlobal
